lockfileVersion: '9.0'

settings:
  autoInstallPeers: true
  excludeLinksFromLockfile: false

importers:

  .:
    devDependencies:
      oxfmt:
        specifier: ^0.27.0
        version: 0.27.0

packages:

  '@oxfmt/darwin-arm64@0.27.0':
    resolution: {integrity: sha512-3vwqyzNlVTVFVzHMlrqxb4tgVgHp6FYS0uIxsIZ/SeEDG0azaqiOw/2t8LlJ9f72PKRLWSey+Ak99tiKgpbsnQ==}
    cpu: [arm64]
    os: [darwin]

  '@oxfmt/darwin-x64@0.27.0':
    resolution: {integrity: sha512-5u8mZVLm70v6l1wLZ2MmeNIEzGsruwKw5F7duePzpakPfxGtLpiFNUwe4aBUJULTP6aMzH+A4dA0JOn8lb7Luw==}
    cpu: [x64]
    os: [darwin]

  '@oxfmt/linux-arm64-gnu@0.27.0':
    resolution: {integrity: sha512-aql/LLYriX/5Ar7o5Qivnp/qMTUPNiOCr7cFLvmvzYZa3XL0H8XtbKUfIVm+9ILR0urXQzcml+L8pLe1p8sgEg==}
    cpu: [arm64]
    os: [linux]
    libc: [glibc]

  '@oxfmt/linux-arm64-musl@0.27.0':
    resolution: {integrity: sha512-6u/kNb7hubthg4u/pn3MK/GJLwPgjDvDDnjjr7TC0/OK/xztef8ToXmycxIQ9OeDNIJJf7Z0Ss/rHnKvQOWzRw==}
    cpu: [arm64]
    os: [linux]
    libc: [musl]

  '@oxfmt/linux-x64-gnu@0.27.0':
    resolution: {integrity: sha512-EhvDfFHO1yrK/Cu75eU1U828lBsW2cV0JITOrka5AjR3PlmnQQ03Mr9ROkWkbPmzAMklXI4Q16eO+4n+7FhS1w==}
    cpu: [x64]
    os: [linux]
    libc: [glibc]

  '@oxfmt/linux-x64-musl@0.27.0':
    resolution: {integrity: sha512-1pgjuwMT5sCekuteYZ7LkDsto7DJouaccwjozHqdWohSj2zJpFeSP2rMaC+6JJ1KD5r9HG9sWRuHZGEaoX9uOw==}
    cpu: [x64]
    os: [linux]
    libc: [musl]

  '@oxfmt/win32-arm64@0.27.0':
    resolution: {integrity: sha512-mmuEhXZEhAYAeyjVTWwGKIA3RSb2b/He9wrXkDJPhmqp8qISUzkVg1dQmLEt4hD+wI5rzR+6vchPt521tzuRDA==}
    cpu: [arm64]
    os: [win32]

  '@oxfmt/win32-x64@0.27.0':
    resolution: {integrity: sha512-cXKVkL1DuRq31QjwHqtBEUztyBmM9YZKdeFhsDLBURNdk1CFW42uWsmTsaqrXSoiCj7nCjfP0pwTOzxhQZra/A==}
    cpu: [x64]
    os: [win32]

  oxfmt@0.27.0:
    resolution: {integrity: sha512-FHR0HR3WeMKBuVEQvW3EeiRZXs/cQzNHxGbhCoAIEPr1FVcOa9GCqrKJXPqv2jkzmCg6Wqot+DvN9RzemyFJhw==}
    engines: {node: ^20.19.0 || >=22.12.0}
    hasBin: true

  tinypool@2.0.0:
    resolution: {integrity: sha512-/RX9RzeH2xU5ADE7n2Ykvmi9ED3FBGPAjw9u3zucrNNaEBIO0HPSYgL0NT7+3p147ojeSdaVu08F6hjpv31HJg==}
    engines: {node: ^20.0.0 || >=22.0.0}

snapshots:

  '@oxfmt/darwin-arm64@0.27.0':
    optional: true

  '@oxfmt/darwin-x64@0.27.0':
    optional: true

  '@oxfmt/linux-arm64-gnu@0.27.0':
    optional: true

  '@oxfmt/linux-arm64-musl@0.27.0':
    optional: true

  '@oxfmt/linux-x64-gnu@0.27.0':
    optional: true

  '@oxfmt/linux-x64-musl@0.27.0':
    optional: true

  '@oxfmt/win32-arm64@0.27.0':
    optional: true

  '@oxfmt/win32-x64@0.27.0':
    optional: true

  oxfmt@0.27.0:
    dependencies:
      tinypool: 2.0.0
    optionalDependencies:
      '@oxfmt/darwin-arm64': 0.27.0
      '@oxfmt/darwin-x64': 0.27.0
      '@oxfmt/linux-arm64-gnu': 0.27.0
      '@oxfmt/linux-arm64-musl': 0.27.0
      '@oxfmt/linux-x64-gnu': 0.27.0
      '@oxfmt/linux-x64-musl': 0.27.0
      '@oxfmt/win32-arm64': 0.27.0
      '@oxfmt/win32-x64': 0.27.0

  tinypool@2.0.0: {}
